github.com/daviddengcn/go-algs v0.0.0-20180330170136-fe23fabd9d06 h1:jEHTltplMBbYsHlSnvZD1J4CsfweUSJIqS8uP56q1Ng=
github.com/daviddengcn/go-algs v0.0.0-20180330170136-fe23fabd9d06/go.mod h1:CpyLopUWBmqupyWU6OlSfrzgIuzNq0R6DXzM74O9RMs=
github.com/daviddengcn/go-colortext v1.0.0 h1:ANqDyC0ys6qCSvuEK7l3g5RaehL/Xck9EX8ATG8oKsE=
github.com/daviddengcn/go-colortext v1.0.0/go.mod h1:zDqEI5NVUop5QPpVJUxE9UO10hRnmkD5G4Pmri9+m4c=
github.com/daviddengcn/go-diff v0.0.0-20160111143540-f79304cd36e4 h1:XYGjCIN6AhPkARyhoAHniH118QY5vuULCd7hrNPta9I=
github.com/daviddengcn/go-diff v0.0.0-20160111143540-f79304cd36e4/go.mod h1:PL2DE9xQ4BY9/4nZhkuYAkIkH+4hWBMFPDnEFL0kgQE=
github.com/daviddengcn/go-villa v0.0.0-20200811194146-68107afb6d76 h1:7m/Wr7m1KGNEuescFyEM/BVySSbSDy3zJ15VtmAvt1w=
github.com/daviddengcn/go-villa v0.0.0-20200811194146-68107afb6d76/go.mod h1:U8xNoHcXfPnZzy9zCxeKRjaJgC1d3613rFHjZVVAqKc=
github.com/golangplus/bytes v0.0.0-20160111154220-45c989fe5450/go.mod h1:Bk6SMAONeMXrxql8uvOKuAZSu8aM5RUGv+1C6IJaEho=
github.com/golangplus/bytes v1.0.0 h1:YQKBijBVMsBxIiXT4IEhlKR2zHohjEqPole4umyDX+c=
github.com/golangplus/bytes v1.0.0/go.mod h1:AdRaCFwmc/00ZzELMWb01soso6W1R/++O1XL80yAn+A=
github.com/golangplus/fmt v1.0.0 h1:FnUKtw86lXIPfBMc3FimNF3+ABcV+aH5F17OOitTN+E=
github.com/golangplus/fmt v1.0.0/go.mod h1:zpM0OfbMCjPtd2qkTD/jX2MgiFCqklhSUFyDW44gVQE=
github.com/golangplus/math v1.0.0 h1:EqFYznp62gJ6N4aTjzDrS+0+lNZTWLoKRqRWrLmVrqA=
github.com/golangplus/math v1.0.0/go.mod h1:vTsrfyZWr3uYy/tgMjp2KoXiL6fcMp/iWBIva1i8zpY=
github.com/golangplus/sort v1.0.0 h1:nvzfdNN8GNWv7iZ6PENJBmXE+r7OGv4tqbdjjNAZKXE=
github.com/golangplus/sort v1.0.0/go.mod h1:ixQX/WLtGd0UQxcO9cWrtAv0daVnQpo4KfqBUIassNM=
github.com/golangplus/strings v1.0.0/go.mod h1:2hRRuXSS6Ov3CVmm4BMJBOBQcd5XbijpGNGLfeoKpWw=
github.com/golangplus/testing v1.0.0/go.mod h1:ZDreixUV3YzhoVraIDyOzHrr76p6NUh6k/pPg/Q3gYA=
github.com/peter-evans/patience v0.3.0 h1:rX0JdJeepqdQl1Sk9c9uvorjYYzL2TfgLX1adqYm9cA=
github.com/peter-evans/patience v0.3.0/go.mod h1:Kmxu5sY1NmBLFSStvXjX1wS9mIv7wMcP/ubucyMOAu0=
golang.org/x/tools v0.1.12 h1:VveCTK38A2rkS8ZqFY25HIDFscX5X9OoEhJd3quQmXU=
golang.org/x/tools v0.1.12/go.mod h1:hNGJHUnrk76NpqgfD5Aqm5Crs+Hm0VOH/i9J2+nxYbc=
